
Microsoft Visual Studio Solution File, Format Version 12.00
# Visual Studio Version 17
VisualStudioVersion = 17.2.32616.157
MinimumVisualStudioVersion = 10.0.40219.1
Project("{9A19103F-16F7-4668-BE54-9A1E7A4F7556}") = "Taz-LeetCode.Problems", "src\Taz-LeetCode.Problems\Taz-LeetCode.Problems.csproj", "{AD8465F5-E6A9-43FA-B796-0A2DBE69A896}"
EndProject
Project("{9A19103F-16F7-4668-BE54-9A1E7A4F7556}") = "Taz-LeetCode.Tests", "src\Taz-LeetCode.Tests\Taz-LeetCode.Tests.csproj", "{9398FDD2-6CBA-4C4B-95C6-F5C2392218BF}"
EndProject
Global
	GlobalSection(SolutionConfigurationPlatforms) = preSolution
		Debug|Any CPU = Debug|Any CPU
		Debug|x64 = Debug|x64
		Debug|x86 = Debug|x86
		Release|Any CPU = Release|Any CPU
		Release|x64 = Release|x64
		Release|x86 = Release|x86
	EndGlobalSection
	GlobalSection(ProjectConfigurationPlatforms) = postSolution
		{AD8465F5-E6A9-43FA-B796-0A2DBE69A896}.Debug|Any CPU.ActiveCfg = Debug|Any CPU
		{AD8465F5-E6A9-43FA-B796-0A2DBE69A896}.Debug|Any CPU.Build.0 = Debug|Any CPU
		{AD8465F5-E6A9-43FA-B796-0A2DBE69A896}.Debug|x64.ActiveCfg = Debug|Any CPU
		{AD8465F5-E6A9-43FA-B796-0A2DBE69A896}.Debug|x64.Build.0 = Debug|Any CPU
		{AD8465F5-E6A9-43FA-B796-0A2DBE69A896}.Debug|x86.ActiveCfg = Debug|Any CPU
		{AD8465F5-E6A9-43FA-B796-0A2DBE69A896}.Debug|x86.Build.0 = Debug|Any CPU
		{AD8465F5-E6A9-43FA-B796-0A2DBE69A896}.Release|Any CPU.ActiveCfg = Release|Any CPU
		{AD8465F5-E6A9-43FA-B796-0A2DBE69A896}.Release|Any CPU.Build.0 = Release|Any CPU
		{AD8465F5-E6A9-43FA-B796-0A2DBE69A896}.Release|x64.ActiveCfg = Release|Any CPU
		{AD8465F5-E6A9-43FA-B796-0A2DBE69A896}.Release|x64.Build.0 = Release|Any CPU
		{AD8465F5-E6A9-43FA-B796-0A2DBE69A896}.Release|x86.ActiveCfg = Release|Any CPU
		{AD8465F5-E6A9-43FA-B796-0A2DBE69A896}.Release|x86.Build.0 = Release|Any CPU
		{9398FDD2-6CBA-4C4B-95C6-F5C2392218BF}.Debug|Any CPU.ActiveCfg = Debug|Any CPU
		{9398FDD2-6CBA-4C4B-95C6-F5C2392218BF}.Debug|Any CPU.Build.0 = Debug|Any CPU
		{9398FDD2-6CBA-4C4B-95C6-F5C2392218BF}.Debug|x64.ActiveCfg = Debug|Any CPU
		{9398FDD2-6CBA-4C4B-95C6-F5C2392218BF}.Debug|x64.Build.0 = Debug|Any CPU
		{9398FDD2-6CBA-4C4B-95C6-F5C2392218BF}.Debug|x86.ActiveCfg = Debug|Any CPU
		{9398FDD2-6CBA-4C4B-95C6-F5C2392218BF}.Debug|x86.Build.0 = Debug|Any CPU
		{9398FDD2-6CBA-4C4B-95C6-F5C2392218BF}.Release|Any CPU.ActiveCfg = Release|Any CPU
		{9398FDD2-6CBA-4C4B-95C6-F5C2392218BF}.Release|Any CPU.Build.0 = Release|Any CPU
		{9398FDD2-6CBA-4C4B-95C6-F5C2392218BF}.Release|x64.ActiveCfg = Release|Any CPU
		{9398FDD2-6CBA-4C4B-95C6-F5C2392218BF}.Release|x64.Build.0 = Release|Any CPU
		{9398FDD2-6CBA-4C4B-95C6-F5C2392218BF}.Release|x86.ActiveCfg = Release|Any CPU
		{9398FDD2-6CBA-4C4B-95C6-F5C2392218BF}.Release|x86.Build.0 = Release|Any CPU
	EndGlobalSection
	GlobalSection(SolutionProperties) = preSolution
		HideSolutionNode = FALSE
	EndGlobalSection
	GlobalSection(ExtensibilityGlobals) = postSolution
		SolutionGuid = {6E217E03-D03C-4878-B874-84C05D8D7657}
	EndGlobalSection
EndGlobal
